// !$*UTF8*$!
{
	archiveVersion = 1;
	classes = {
	};
	objectVersion = 46;
	objects = {

/* Begin PBXBuildFile section */
		C9CF77231E5698E60004976E /* AppDelegate.swift in Sources */ = {isa = PBXBuildFile; fileRef = C9CF77221E5698E60004976E /* AppDelegate.swift */; };
		C9CF77251E5698E60004976E /* ViewController.swift in Sources */ = {isa = PBXBuildFile; fileRef = C9CF77241E5698E60004976E /* ViewController.swift */; };
		C9CF77281E5698E60004976E /* Main.storyboard in Resources */ = {isa = PBXBuildFile; fileRef = C9CF77261E5698E60004976E /* Main.storyboard */; };
		C9CF772A1E5698E60004976E /* Assets.xcassets in Resources */ = {isa = PBXBuildFile; fileRef = C9CF77291E5698E60004976E /* Assets.xcassets */; };
		C9CF772D1E5698E60004976E /* LaunchScreen.storyboard in Resources */ = {isa = PBXBuildFile; fileRef = C9CF772B1E5698E60004976E /* LaunchScreen.storyboard */; };
		C9CF77381E5698E60004976E /* StopWatchTests.swift in Sources */ = {isa = PBXBuildFile; fileRef = C9CF77371E5698E60004976E /* StopWatchTests.swift */; };
		C9CF77431E5698E60004976E /* StopWatchUITests.swift in Sources */ = {isa = PBXBuildFile; fileRef = C9CF77421E5698E60004976E /* StopWatchUITests.swift */; };
		C9CF77511E5699150004976E /* StopWatch.swift in Sources */ = {isa = PBXBuildFile; fileRef = C9CF77501E5699150004976E /* StopWatch.swift */; };
/* End PBXBuildFile section */

/* Begin PBXContainerItemProxy section */
		C9CF77341E5698E60004976E /* PBXContainerItemProxy */ = {
			isa = PBXContainerItemProxy;
			containerPortal = C9CF77171E5698E60004976E /* Project object */;
			proxyType = 1;
			remoteGlobalIDString = C9CF771E1E5698E60004976E;
			remoteInfo = StopWatch;
		};
		C9CF773F1E5698E60004976E /* PBXContainerItemProxy */ = {
			isa = PBXContainerItemProxy;
			containerPortal = C9CF77171E5698E60004976E /* Project object */;
			proxyType = 1;
			remoteGlobalIDString = C9CF771E1E5698E60004976E;
			remoteInfo = StopWatch;
		};
/* End PBXContainerItemProxy section */

/* Begin PBXFileReference section */
		C9CF771F1E5698E60004976E /* StopWatch.app */ = {isa = PBXFileReference; explicitFileType = wrapper.application; includeInIndex = 0; path = StopWatch.app; sourceTree = BUILT_PRODUCTS_DIR; };
		C9CF77221E5698E60004976E /* AppDelegate.swift */ = {isa = PBXFileReference; lastKnownFileType = sourcecode.swift; path = AppDelegate.swift; sourceTree = "<group>"; };
		C9CF77241E5698E60004976E /* ViewController.swift */ = {isa = PBXFileReference; lastKnownFileType = sourcecode.swift; path = ViewController.swift; sourceTree = "<group>"; };
		C9CF77271E5698E60004976E /* Base */ = {isa = PBXFileReference; lastKnownFileType = file.storyboard; name = Base; path = Base.lproj/Main.storyboard; sourceTree = "<group>"; };
		C9CF77291E5698E60004976E /* Assets.xcassets */ = {isa = PBXFileReference; lastKnownFileType = folder.assetcatalog; path = Assets.xcassets; sourceTree = "<group>"; };
		C9CF772C1E5698E60004976E /* Base */ = {isa = PBXFileReference; lastKnownFileType = file.storyboard; name = Base; path = Base.lproj/LaunchScreen.storyboard; sourceTree = "<group>"; };
		C9CF772E1E5698E60004976E /* Info.plist */ = {isa = PBXFileReference; lastKnownFileType = text.plist.xml; path = Info.plist; sourceTree = "<group>"; };
		C9CF77331E5698E60004976E /* StopWatchTests.xctest */ = {isa = PBXFileReference; explicitFileType = wrapper.cfbundle; includeInIndex = 0; path = StopWatchTests.xctest; sourceTree = BUILT_PRODUCTS_DIR; };
		C9CF77371E5698E60004976E /* StopWatchTests.swift */ = {isa = PBXFileReference; lastKnownFileType = sourcecode.swift; path = StopWatchTests.swift; sourceTree = "<group>"; };
		C9CF77391E5698E60004976E /* Info.plist */ = {isa = PBXFileReference; lastKnownFileType = text.plist.xml; path = Info.plist; sourceTree = "<group>"; };
		C9CF773E1E5698E60004976E /* StopWatchUITests.xctest */ = {isa = PBXFileReference; explicitFileType = wrapper.cfbundle; includeInIndex = 0; path = StopWatchUITests.xctest; sourceTree = BUILT_PRODUCTS_DIR; };
		C9CF77421E5698E60004976E /* StopWatchUITests.swift */ = {isa = PBXFileReference; lastKnownFileType = sourcecode.swift; path = StopWatchUITests.swift; sourceTree = "<group>"; };
		C9CF77441E5698E60004976E /* Info.plist */ = {isa = PBXFileReference; lastKnownFileType = text.plist.xml; path = Info.plist; sourceTree = "<group>"; };
		C9CF77501E5699150004976E /* StopWatch.swift */ = {isa = PBXFileReference; fileEncoding = 4; lastKnownFileType = sourcecode.swift; path = StopWatch.swift; sourceTree = "<group>"; };
/* End PBXFileReference section */

/* Begin PBXFrameworksBuildPhase section */
		C9CF771C1E5698E60004976E /* Frameworks */ = {
			isa = PBXFrameworksBuildPhase;
			buildActionMask = 2147483647;
			files = (
			);
			runOnlyForDeploymentPostprocessing = 0;
		};
		C9CF77301E5698E60004976E /* Frameworks */ = {
			isa = PBXFrameworksBuildPhase;
			buildActionMask = 2147483647;
			files = (
			);
			runOnlyForDeploymentPostprocessing = 0;
		};
		C9CF773B1E5698E60004976E /* Frameworks */ = {
			isa = PBXFrameworksBuildPhase;
			buildActionMask = 2147483647;
			files = (
			);
			runOnlyForDeploymentPostprocessing = 0;
		};
/* End PBXFrameworksBuildPhase section */

/* Begin PBXGroup section */
		C9CF77161E5698E60004976E = {
			isa = PBXGroup;
			children = (
				C9CF77211E5698E60004976E /* StopWatch */,
				C9CF77361E5698E60004976E /* StopWatchTests */,
				C9CF77411E5698E60004976E /* StopWatchUITests */,
				C9CF77201E5698E60004976E /* Products */,
			);
			sourceTree = "<group>";
		};
		C9CF77201E5698E60004976E /* Products */ = {
			isa = PBXGroup;
			children = (
				C9CF771F1E5698E60004976E /* StopWatch.app */,
				C9CF77331E5698E60004976E /* StopWatchTests.xctest */,
				C9CF773E1E5698E60004976E /* StopWatchUITests.xctest */,
			);
			name = Products;
			sourceTree = "<group>";
		};
		C9CF77211E5698E60004976E /* StopWatch */ = {
			isa = PBXGroup;
			children = (
				C9CF77221E5698E60004976E /* AppDelegate.swift */,
				C9CF77241E5698E60004976E /* ViewController.swift */,
				C9CF77261E5698E60004976E /* Main.storyboard */,
				C9CF77501E5699150004976E /* StopWatch.swift */,
				C9CF77291E5698E60004976E /* Assets.xcassets */,
				C9CF772B1E5698E60004976E /* LaunchScreen.storyboard */,
				C9CF772E1E5698E60004976E /* Info.plist */,
			);
			path = StopWatch;
			sourceTree = "<group>";
		};
		C9CF77361E5698E60004976E /* StopWatchTests */ = {
			isa = PBXGroup;
			children = (
				C9CF77371E5698E60004976E /* StopWatchTests.swift */,
				C9CF77391E5698E60004976E /* Info.plist */,
			);
			path = StopWatchTests;
			sourceTree = "<group>";
		};
		C9CF77411E5698E60004976E /* StopWatchUITests */ = {
			isa = PBXGroup;
			children = (
				C9CF77421E5698E60004976E /* StopWatchUITests.swift */,
				C9CF77441E5698E60004976E /* Info.plist */,
			);
			path = StopWatchUITests;
			sourceTree = "<group>";
		};
/* End PBXGroup section */

/* Begin PBXNativeTarget section */
		C9CF771E1E5698E60004976E /* StopWatch */ = {
			isa = PBXNativeTarget;
			buildConfigurationList = C9CF77471E5698E60004976E /* Build configuration list for PBXNativeTarget "StopWatch" */;
			buildPhases = (
				C9CF771B1E5698E60004976E /* Sources */,
				C9CF771C1E5698E60004976E /* Frameworks */,
				C9CF771D1E5698E60004976E /* Resources */,
			);
			buildRules = (
			);
			dependencies = (
			);
			name = StopWatch;
			productName = StopWatch;
			productReference = C9CF771F1E5698E60004976E /* StopWatch.app */;
			productType = "com.apple.product-type.application";
		};
		C9CF77321E5698E60004976E /* StopWatchTests */ = {
			isa = PBXNativeTarget;
			buildConfigurationList = C9CF774A1E5698E60004976E /* Build configuration list for PBXNativeTarget "StopWatchTests" */;
			buildPhases = (
				C9CF772F1E5698E60004976E /* Sources */,
				C9CF77301E5698E60004976E /* Frameworks */,
				C9CF77311E5698E60004976E /* Resources */,
			);
			buildRules = (
			);
			dependencies = (
				C9CF77351E5698E60004976E /* PBXTargetDependency */,
			);
			name = StopWatchTests;
			productName = StopWatchTests;
			productReference = C9CF77331E5698E60004976E /* StopWatchTests.xctest */;
			productType = "com.apple.product-type.bundle.unit-test";
		};
		C9CF773D1E5698E60004976E /* StopWatchUITests */ = {
			isa = PBXNativeTarget;
			buildConfigurationList = C9CF774D1E5698E60004976E /* Build configuration list for PBXNativeTarget "StopWatchUITests" */;
			buildPhases = (
				C9CF773A1E5698E60004976E /* Sources */,
				C9CF773B1E5698E60004976E /* Frameworks */,
				C9CF773C1E5698E60004976E /* Resources */,
			);
			buildRules = (
			);
			dependencies = (
				C9CF77401E5698E60004976E /* PBXTargetDependency */,
			);
			name = StopWatchUITests;
			productName = StopWatchUITests;
			productReference = C9CF773E1E5698E60004976E /* StopWatchUITests.xctest */;
			productType = "com.apple.product-type.bundle.ui-testing";
		};
/* End PBXNativeTarget section */

/* Begin PBXProject section */
		C9CF77171E5698E60004976E /* Project object */ = {
			isa = PBXProject;
			attributes = {
				LastSwiftUpdateCheck = 0820;
				LastUpgradeCheck = 0820;
				ORGANIZATIONNAME = "Zeyad El-arabaty";
				TargetAttributes = {
					C9CF771E1E5698E60004976E = {
						CreatedOnToolsVersion = 8.2.1;
						ProvisioningStyle = Automatic;
					};
					C9CF77321E5698E60004976E = {
						CreatedOnToolsVersion = 8.2.1;
						ProvisioningStyle = Automatic;
						TestTargetID = C9CF771E1E5698E60004976E;
					};
					C9CF773D1E5698E60004976E = {
						CreatedOnToolsVersion = 8.2.1;
						ProvisioningStyle = Automatic;
						TestTargetID = C9CF771E1E5698E60004976E;
					};
				};
			};
			buildConfigurationList = C9CF771A1E5698E60004976E /* Build configuration list for PBXProject "StopWatch" */;
			compatibilityVersion = "Xcode 3.2";
			developmentRegion = English;
			hasScannedForEncodings = 0;
			knownRegions = (
				en,
				Base,
			);
			mainGroup = C9CF77161E5698E60004976E;
			productRefGroup = C9CF77201E5698E60004976E /* Products */;
			projectDirPath = "";
			projectRoot = "";
			targets = (
				C9CF771E1E5698E60004976E /* StopWatch */,
				C9CF77321E5698E60004976E /* StopWatchTests */,
				C9CF773D1E5698E60004976E /* StopWatchUITests */,
			);
		};
/* End PBXProject section */

/* Begin PBXResourcesBuildPhase section */
		C9CF771D1E5698E60004976E /* Resources */ = {
			isa = PBXResourcesBuildPhase;
			buildActionMask = 2147483647;
			files = (
				C9CF772D1E5698E60004976E /* LaunchScreen.storyboard in Resources */,
				C9CF772A1E5698E60004976E /* Assets.xcassets in Resources */,
				C9CF77281E5698E60004976E /* Main.storyboard in Resources */,
			);
			runOnlyForDeploymentPostprocessing = 0;
		};
		C9CF77311E5698E60004976E /* Resources */ = {
			isa = PBXResourcesBuildPhase;
			buildActionMask = 2147483647;
			files = (
			);
			runOnlyForDeploymentPostprocessing = 0;
		};
		C9CF773C1E5698E60004976E /* Resources */ = {
			isa = PBXResourcesBuildPhase;
			buildActionMask = 2147483647;
			files = (
			);
			runOnlyForDeploymentPostprocessing = 0;
		};
/* End PBXResourcesBuildPhase section */

/* Begin PBXSourcesBuildPhase section */
		C9CF771B1E5698E60004976E /* Sources */ = {
			isa = PBXSourcesBuildPhase;
			buildActionMask = 2147483647;
			files = (
				C9CF77511E5699150004976E /* StopWatch.swift in Sources */,
				C9CF77251E5698E60004976E /* ViewController.swift in Sources */,
				C9CF77231E5698E60004976E /* AppDelegate.swift in Sources */,
			);
			runOnlyForDeploymentPostprocessing = 0;
		};
		C9CF772F1E5698E60004976E /* Sources */ = {
			isa = PBXSourcesBuildPhase;
			buildActionMask = 2147483647;
			files = (
				C9CF77381E5698E60004976E /* StopWatchTests.swift in Sources */,
			);
			runOnlyForDeploymentPostprocessing = 0;
		};
		C9CF773A1E5698E60004976E /* Sources */ = {
			isa = PBXSourcesBuildPhase;
			buildActionMask = 2147483647;
			files = (
				C9CF77431E5698E60004976E /* StopWatchUITests.swift in Sources */,
			);
			runOnlyForDeploymentPostprocessing = 0;
		};
/* End PBXSourcesBuildPhase section */

/* Begin PBXTargetDependency section */
		C9CF77351E5698E60004976E /* PBXTargetDependency */ = {
			isa = PBXTargetDependency;
			target = C9CF771E1E5698E60004976E /* StopWatch */;
			targetProxy = C9CF77341E5698E60004976E /* PBXContainerItemProxy */;
		};
		C9CF77401E5698E60004976E /* PBXTargetDependency */ = {
			isa = PBXTargetDependency;
			target = C9CF771E1E5698E60004976E /* StopWatch */;
			targetProxy = C9CF773F1E5698E60004976E /* PBXContainerItemProxy */;
		};
/* End PBXTargetDependency section */

/* Begin PBXVariantGroup section */
		C9CF77261E5698E60004976E /* Main.storyboard */ = {
			isa = PBXVariantGroup;
			children = (
				C9CF77271E5698E60004976E /* Base */,
			);
			name = Main.storyboard;
			sourceTree = "<group>";
		};
		C9CF772B1E5698E60004976E /* LaunchScreen.storyboard */ = {
			isa = PBXVariantGroup;
			children = (
				C9CF772C1E5698E60004976E /* Base */,
			);
			name = LaunchScreen.storyboard;
			sourceTree = "<group>";
		};
/* End PBXVariantGroup section */

/* Begin XCBuildConfiguration section */
		C9CF77451E5698E60004976E /* Debug */ = {
			isa = XCBuildConfiguration;
			buildSettings = {
				ALWAYS_SEARCH_USER_PATHS = NO;
				CLANG_ANALYZER_NONNULL = YES;
				CLANG_CXX_LANGUAGE_STANDARD = "gnu++0x";
				CLANG_CXX_LIBRARY = "libc++";
				CLANG_ENABLE_MODULES = YES;
				CLANG_ENABLE_OBJC_ARC = YES;
				CLANG_WARN_BOOL_CONVERSION = YES;
				CLANG_WARN_CONSTANT_CONVERSION = YES;
				CLANG_WARN_DIRECT_OBJC_ISA_USAGE = YES_ERROR;
				CLANG_WARN_DOCUMENTATION_COMMENTS = YES;
				CLANG_WARN_EMPTY_BODY = YES;
				CLANG_WARN_ENUM_CONVERSION = YES;
				CLANG_WARN_INFINITE_RECURSION = YES;
				CLANG_WARN_INT_CONVERSION = YES;
				CLANG_WARN_OBJC_ROOT_CLASS = YES_ERROR;
				CLANG_WARN_SUSPICIOUS_MOVE = YES;
				CLANG_WARN_UNREACHABLE_CODE = YES;
				CLANG_WARN__DUPLICATE_METHOD_MATCH = YES;
				"CODE_SIGN_IDENTITY[sdk=iphoneos*]" = "iPhone Developer";
				COPY_PHASE_STRIP = NO;
				DEBUG_INFORMATION_FORMAT = dwarf;
				ENABLE_STRICT_OBJC_MSGSEND = YES;
				ENABLE_TESTABILITY = YES;
				GCC_C_LANGUAGE_STANDARD = gnu99;
				GCC_DYNAMIC_NO_PIC = NO;
				GCC_NO_COMMON_BLOCKS = YES;
				GCC_OPTIMIZATION_LEVEL = 0;
				GCC_PREPROCESSOR_DEFINITIONS = (
					"DEBUG=1",
					"$(inherited)",
				);
				GCC_WARN_64_TO_32_BIT_CONVERSION = YES;
				GCC_WARN_ABOUT_RETURN_TYPE = YES_ERROR;
				GCC_WARN_UNDECLARED_SELECTOR = YES;
				GCC_WARN_UNINITIALIZED_AUTOS = YES_AGGRESSIVE;
				GCC_WARN_UNUSED_FUNCTION = YES;
				GCC_WARN_UNUSED_VARIABLE = YES;
				IPHONEOS_DEPLOYMENT_TARGET = 10.2;
				MTL_ENABLE_DEBUG_INFO = YES;
				ONLY_ACTIVE_ARCH = YES;
				SDKROOT = iphoneos;
				SWIFT_ACTIVE_COMPILATION_CONDITIONS = DEBUG;
				SWIFT_OPTIMIZATION_LEVEL = "-Onone";
			};
			name = Debug;
		};
		C9CF77461E5698E60004976E /* Release */ = {
			isa = XCBuildConfiguration;
			buildSettings = {
				ALWAYS_SEARCH_USER_PATHS = NO;
				CLANG_ANALYZER_NONNULL = YES;
				CLANG_CXX_LANGUAGE_STANDARD = "gnu++0x";
				CLANG_CXX_LIBRARY = "libc++";
				CLANG_ENABLE_MODULES = YES;
				CLANG_ENABLE_OBJC_ARC = YES;
				CLANG_WARN_BOOL_CONVERSION = YES;
				CLANG_WARN_CONSTANT_CONVERSION = YES;
				CLANG_WARN_DIRECT_OBJC_ISA_USAGE = YES_ERROR;
				CLANG_WARN_DOCUMENTATION_COMMENTS = YES;
				CLANG_WARN_EMPTY_BODY = YES;
				CLANG_WARN_ENUM_CONVERSION = YES;
				CLANG_WARN_INFINITE_RECURSION = YES;
				CLANG_WARN_INT_CONVERSION = YES;
				CLANG_WARN_OBJC_ROOT_CLASS = YES_ERROR;
				CLANG_WARN_SUSPICIOUS_MOVE = YES;
				CLANG_WARN_UNREACHABLE_CODE = YES;
				CLANG_WARN__DUPLICATE_METHOD_MATCH = YES;
				"CODE_SIGN_IDENTITY[sdk=iphoneos*]" = "iPhone Developer";
				COPY_PHASE_STRIP = NO;
				DEBUG_INFORMATION_FORMAT = "dwarf-with-dsym";
				ENABLE_NS_ASSERTIONS = NO;
				ENABLE_STRICT_OBJC_MSGSEND = YES;
				GCC_C_LANGUAGE_STANDARD = gnu99;
				GCC_NO_COMMON_BLOCKS = YES;
				GCC_WARN_64_TO_32_BIT_CONVERSION = YES;
				GCC_WARN_ABOUT_RETURN_TYPE = YES_ERROR;
				GCC_WARN_UNDECLARED_SELECTOR = YES;
				GCC_WARN_UNINITIALIZED_AUTOS = YES_AGGRESSIVE;
				GCC_WARN_UNUSED_FUNCTION = YES;
				GCC_WARN_UNUSED_VARIABLE = YES;
				IPHONEOS_DEPLOYMENT_TARGET = 10.2;
				MTL_ENABLE_DEBUG_INFO = NO;
				SDKROOT = iphoneos;
				SWIFT_OPTIMIZATION_LEVEL = "-Owholemodule";
				VALIDATE_PRODUCT = YES;
			};
			name = Release;
		};
		C9CF77481E5698E60004976E /* Debug */ = {
			isa = XCBuildConfiguration;
			buildSettings = {
				ASSETCATALOG_COMPILER_APPICON_NAME = AppIcon;
				INFOPLIST_FILE = StopWatch/Info.plist;
				LD_RUNPATH_SEARCH_PATHS = "$(inherited) @executable_path/Frameworks";
				PRODUCT_BUNDLE_IDENTIFIER = "com.Zeyad-El-arabaty.StopWatch";
				PRODUCT_NAME = "$(TARGET_NAME)";
				SWIFT_VERSION = 3.0;
			};
			name = Debug;
		};
		C9CF77491E5698E60004976E /* Release */ = {
			isa = XCBuildConfiguration;
			buildSettings = {
				ASSETCATALOG_COMPILER_APPICON_NAME = AppIcon;
				INFOPLIST_FILE = StopWatch/Info.plist;
				LD_RUNPATH_SEARCH_PATHS = "$(inherited) @executable_path/Frameworks";
				PRODUCT_BUNDLE_IDENTIFIER = "com.Zeyad-El-arabaty.StopWatch";
				PRODUCT_NAME = "$(TARGET_NAME)";
				SWIFT_VERSION = 3.0;
			};
			name = Release;
		};
		C9CF774B1E5698E60004976E /* Debug */ = {
			isa = XCBuildConfiguration;
			buildSettings = {
				ALWAYS_EMBED_SWIFT_STANDARD_LIBRARIES = YES;
				BUNDLE_LOADER = "$(TEST_HOST)";
				INFOPLIST_FILE = StopWatchTests/Info.plist;
				LD_RUNPATH_SEARCH_PATHS = "$(inherited) @executable_path/Frameworks @loader_path/Frameworks";
				PRODUCT_BUNDLE_IDENTIFIER = "com.Zeyad-El-arabaty.StopWatchTests";
				PRODUCT_NAME = "$(TARGET_NAME)";
				SWIFT_VERSION = 3.0;
				TEST_HOST = "$(BUILT_PRODUCTS_DIR)/StopWatch.app/StopWatch";
			};
			name = Debug;
		};
		C9CF774C1E5698E60004976E /* Release */ = {
			isa = XCBuildConfiguration;
			buildSettings = {
				ALWAYS_EMBED_SWIFT_STANDARD_LIBRARIES = YES;
				BUNDLE_LOADER = "$(TEST_HOST)";
				INFOPLIST_FILE = StopWatchTests/Info.plist;
				LD_RUNPATH_SEARCH_PATHS = "$(inherited) @executable_path/Frameworks @loader_path/Frameworks";
				PRODUCT_BUNDLE_IDENTIFIER = "com.Zeyad-El-arabaty.StopWatchTests";
				PRODUCT_NAME = "$(TARGET_NAME)";
				SWIFT_VERSION = 3.0;
				TEST_HOST = "$(BUILT_PRODUCTS_DIR)/StopWatch.app/StopWatch";
			};
			name = Release;
		};
		C9CF774E1E5698E60004976E /* Debug */ = {
			isa = XCBuildConfiguration;
			buildSettings = {
				ALWAYS_EMBED_SWIFT_STANDARD_LIBRARIES = YES;
				INFOPLIST_FILE = StopWatchUITests/Info.plist;
				LD_RUNPATH_SEARCH_PATHS = "$(inherited) @executable_path/Frameworks @loader_path/Frameworks";
				PRODUCT_BUNDLE_IDENTIFIER = "com.Zeyad-El-arabaty.StopWatchUITests";
				PRODUCT_NAME = "$(TARGET_NAME)";
				SWIFT_VERSION = 3.0;
				TEST_TARGET_NAME = StopWatch;
			};
			name = Debug;
		};
		C9CF774F1E5698E60004976E /* Release */ = {
			isa = XCBuildConfiguration;
			buildSettings = {
				ALWAYS_EMBED_SWIFT_STANDARD_LIBRARIES = YES;
				INFOPLIST_FILE = StopWatchUITests/Info.plist;
				LD_RUNPATH_SEARCH_PATHS = "$(inherited) @executable_path/Frameworks @loader_path/Frameworks";
				PRODUCT_BUNDLE_IDENTIFIER = "com.Zeyad-El-arabaty.StopWatchUITests";
				PRODUCT_NAME = "$(TARGET_NAME)";
				SWIFT_VERSION = 3.0;
				TEST_TARGET_NAME = StopWatch;
			};
			name = Release;
		};
/* End XCBuildConfiguration section */

/* Begin XCConfigurationList section */
		C9CF771A1E5698E60004976E /* Build configuration list for PBXProject "StopWatch" */ = {
			isa = XCConfigurationList;
			buildConfigurations = (
				C9CF77451E5698E60004976E /* Debug */,
				C9CF77461E5698E60004976E /* Release */,
			);
			defaultConfigurationIsVisible = 0;
			defaultConfigurationName = Release;
		};
		C9CF77471E5698E60004976E /* Build configuration list for PBXNativeTarget "StopWatch" */ = {
			isa = XCConfigurationList;
			buildConfigurations = (
				C9CF77481E5698E60004976E /* Debug */,
				C9CF77491E5698E60004976E /* Release */,
			);
			defaultConfigurationIsVisible = 0;
		};
		C9CF774A1E5698E60004976E /* Build configuration list for PBXNativeTarget "StopWatchTests" */ = {
			isa = XCConfigurationList;
			buildConfigurations = (
				C9CF774B1E5698E60004976E /* Debug */,
				C9CF774C1E5698E60004976E /* Release */,
			);
			defaultConfigurationIsVisible = 0;
		};
		C9CF774D1E5698E60004976E /* Build configuration list for PBXNativeTarget "StopWatchUITests" */ = {
			isa = XCConfigurationList;
			buildConfigurations = (
				C9CF774E1E5698E60004976E /* Debug */,
				C9CF774F1E5698E60004976E /* Release */,
			);
			defaultConfigurationIsVisible = 0;
		};
/* End XCConfigurationList section */
	};
	rootObject = C9CF77171E5698E60004976E /* Project object */;
}
